
Microsoft Visual Studio Solution File, Format Version 12.00
# Visual Studio Version 16
VisualStudioVersion = 16.0.30611.23
MinimumVisualStudioVersion = 10.0.40219.1
Project("{FAE04EC0-301F-11D3-BF4B-00C04F79EFBC}") = "KBC_Game", "KBC_Game\KBC_Game.csproj", "{9CC06C28-1C09-4566-BFE3-A422375E953C}"
EndProject
Global
	GlobalSection(SolutionConfigurationPlatforms) = preSolution
		Debug|Any CPU = Debug|Any CPU
		Release|Any CPU = Release|Any CPU
	EndGlobalSection
	GlobalSection(ProjectConfigurationPlatforms) = postSolution
		{9CC06C28-1C09-4566-BFE3-A422375E953C}.Debug|Any CPU.ActiveCfg = Debug|Any CPU
		{9CC06C28-1C09-4566-BFE3-A422375E953C}.Debug|Any CPU.Build.0 = Debug|Any CPU
		{9CC06C28-1C09-4566-BFE3-A422375E953C}.Release|Any CPU.ActiveCfg = Release|Any CPU
		{9CC06C28-1C09-4566-BFE3-A422375E953C}.Release|Any CPU.Build.0 = Release|Any CPU
	EndGlobalSection
	GlobalSection(SolutionProperties) = preSolution
		HideSolutionNode = FALSE
	EndGlobalSection
	GlobalSection(ExtensibilityGlobals) = postSolution
		SolutionGuid = {56E84F7A-3BF2-4926-8745-16ADA5CDA3E7}
	EndGlobalSection
EndGlobal
